
Microsoft Visual Studio Solution File, Format Version 12.00
# Visual Studio Version 16
VisualStudioVersion = 16.0.30523.141
MinimumVisualStudioVersion = 10.0.40219.1
Project("{FAE04EC0-301F-11D3-BF4B-00C04F79EFBC}") = "DankseIt.MuncipalityTax.Api", "DankseIt.MuncipalityTax.Api\DankseIt.MuncipalityTax.Api.csproj", "{0DB164A4-346C-44AF-99DD-1F5D98EBA151}"
EndProject
Project("{FAE04EC0-301F-11D3-BF4B-00C04F79EFBC}") = "DankseIt.MuncipalityTax.Api.Tests", "DankseIt.MuncipalityTax.Api.Tests\DankseIt.MuncipalityTax.Api.Tests.csproj", "{7C85C790-2F50-4414-A4C0-7741E6D85914}"
EndProject
Global
	GlobalSection(SolutionConfigurationPlatforms) = preSolution
		Debug|Any CPU = Debug|Any CPU
		Release|Any CPU = Release|Any CPU
	EndGlobalSection
	GlobalSection(ProjectConfigurationPlatforms) = postSolution
		{0DB164A4-346C-44AF-99DD-1F5D98EBA151}.Debug|Any CPU.ActiveCfg = Debug|Any CPU
		{0DB164A4-346C-44AF-99DD-1F5D98EBA151}.Debug|Any CPU.Build.0 = Debug|Any CPU
		{0DB164A4-346C-44AF-99DD-1F5D98EBA151}.Release|Any CPU.ActiveCfg = Release|Any CPU
		{0DB164A4-346C-44AF-99DD-1F5D98EBA151}.Release|Any CPU.Build.0 = Release|Any CPU
		{7C85C790-2F50-4414-A4C0-7741E6D85914}.Debug|Any CPU.ActiveCfg = Debug|Any CPU
		{7C85C790-2F50-4414-A4C0-7741E6D85914}.Debug|Any CPU.Build.0 = Debug|Any CPU
		{7C85C790-2F50-4414-A4C0-7741E6D85914}.Release|Any CPU.ActiveCfg = Release|Any CPU
		{7C85C790-2F50-4414-A4C0-7741E6D85914}.Release|Any CPU.Build.0 = Release|Any CPU
	EndGlobalSection
	GlobalSection(SolutionProperties) = preSolution
		HideSolutionNode = FALSE
	EndGlobalSection
	GlobalSection(ExtensibilityGlobals) = postSolution
		SolutionGuid = {6A96BB17-0C9B-45D3-B1FC-4FFE5E75324B}
	EndGlobalSection
EndGlobal
